
Microsoft Visual Studio Solution File, Format Version 12.00
# Visual Studio Version 16
VisualStudioVersion = 16.0.29709.97
MinimumVisualStudioVersion = 10.0.40219.1
Project("{9A19103F-16F7-4668-BE54-9A1E7A4F7556}") = "IPsherConsole", "IPsherConsole\IPsherConsole.csproj", "{75D458F5-4CD9-4D60-8F59-07A2E69E865F}"
EndProject
Project("{FAE04EC0-301F-11D3-BF4B-00C04F79EFBC}") = "IPsherWebApi", "IPsherWebApi\IPsherWebApi.csproj", "{7BA1AD2A-3A2A-4917-9EFB-73584C288FB0}"
EndProject
Global
	GlobalSection(SolutionConfigurationPlatforms) = preSolution
		Debug|Any CPU = Debug|Any CPU
		Release|Any CPU = Release|Any CPU
	EndGlobalSection
	GlobalSection(ProjectConfigurationPlatforms) = postSolution
		{75D458F5-4CD9-4D60-8F59-07A2E69E865F}.Debug|Any CPU.ActiveCfg = Debug|Any CPU
		{75D458F5-4CD9-4D60-8F59-07A2E69E865F}.Debug|Any CPU.Build.0 = Debug|Any CPU
		{75D458F5-4CD9-4D60-8F59-07A2E69E865F}.Release|Any CPU.ActiveCfg = Release|Any CPU
		{75D458F5-4CD9-4D60-8F59-07A2E69E865F}.Release|Any CPU.Build.0 = Release|Any CPU
		{7BA1AD2A-3A2A-4917-9EFB-73584C288FB0}.Debug|Any CPU.ActiveCfg = Debug|Any CPU
		{7BA1AD2A-3A2A-4917-9EFB-73584C288FB0}.Debug|Any CPU.Build.0 = Debug|Any CPU
		{7BA1AD2A-3A2A-4917-9EFB-73584C288FB0}.Release|Any CPU.ActiveCfg = Release|Any CPU
		{7BA1AD2A-3A2A-4917-9EFB-73584C288FB0}.Release|Any CPU.Build.0 = Release|Any CPU
	EndGlobalSection
	GlobalSection(SolutionProperties) = preSolution
		HideSolutionNode = FALSE
	EndGlobalSection
	GlobalSection(ExtensibilityGlobals) = postSolution
		SolutionGuid = {7E0413C7-9099-4B8C-99D8-F59E4E148370}
	EndGlobalSection
EndGlobal
